{
  "nodes": {
    "nixpkgs": {
      "locked": {
        "lastModified": 1784432872,
        "narHash": "sha256-n3gKTBIV4ZA5VQpUakffBe3KGu4+mhPoA34rrqS0GkA=",
        "owner": "NixOS",
        "repo": "nixpkgs",
        "rev": "fd1462031fdee08f65fd0b4c6b64e22239a77870",
        "type": "github"
      },
      "original": {
        "owner": "NixOS",
        "repo": "nixpkgs",
        "rev": "fd1462031fdee08f65fd0b4c6b64e22239a77870",
        "type": "github"
      }
    },
    "openmodelica": {
      "inputs": {
        "nixpkgs": [
          "nixpkgs"
        ]
      },
      "locked": {
        "lastModified": 1784624586,
        "narHash": "sha256-x9BsyhMjfTnB+7wpwBi5ShZLUVONzU8+QcTQ16fwy8w=",
        "ref": "refs/heads/master",
        "rev": "a96aa1a682c463b0fd2d285b486c09a8b7fe496d",
        "revCount": 38709,
        "submodules": true,
        "type": "git",
        "url": "https://github.com/jgoppert/OpenModelica"
      },
      "original": {
        "rev": "a96aa1a682c463b0fd2d285b486c09a8b7fe496d",
        "submodules": true,
        "type": "git",
        "url": "https://github.com/jgoppert/OpenModelica"
      }
    },
    "root": {
      "inputs": {
        "nixpkgs": "nixpkgs",
        "openmodelica": "openmodelica"
      }
    }
  },
  "root": "root",
  "version": 7
}
